
Microsoft Visual Studio Solution File, Format Version 12.00
# Visual Studio Version 17
VisualStudioVersion = 17.5.33414.496
MinimumVisualStudioVersion = 10.0.40219.1
Project("{FAE04EC0-301F-11D3-BF4B-00C04F79EFBC}") = "API_GoatSite", "API_GoatSite\API_GoatSite.csproj", "{0A81CB13-E1F3-4E0B-8344-2BC331D15825}"
EndProject
Global
	GlobalSection(SolutionConfigurationPlatforms) = preSolution
		Debug|Any CPU = Debug|Any CPU
		Release|Any CPU = Release|Any CPU
	EndGlobalSection
	GlobalSection(ProjectConfigurationPlatforms) = postSolution
		{0A81CB13-E1F3-4E0B-8344-2BC331D15825}.Debug|Any CPU.ActiveCfg = Debug|Any CPU
		{0A81CB13-E1F3-4E0B-8344-2BC331D15825}.Debug|Any CPU.Build.0 = Debug|Any CPU
		{0A81CB13-E1F3-4E0B-8344-2BC331D15825}.Release|Any CPU.ActiveCfg = Release|Any CPU
		{0A81CB13-E1F3-4E0B-8344-2BC331D15825}.Release|Any CPU.Build.0 = Release|Any CPU
	EndGlobalSection
	GlobalSection(SolutionProperties) = preSolution
		HideSolutionNode = FALSE
	EndGlobalSection
	GlobalSection(ExtensibilityGlobals) = postSolution
		SolutionGuid = {41E9B27C-6782-4074-874A-68B6653A9917}
	EndGlobalSection
EndGlobal
